{"version":4,"terraform_version":"1.12.5","serial":4,"lineage":"25f16c0b-c4b9-da20-08ec-c8f6f9535951","outputs":{"bq_dataset_id":{"value":"d1_staged_enforced_prod","type":"string"},"gcs_bucket_url":{"value":"gs://bigquery-d0-raw-landing-prod-k8s-staging-252732","type":"string"}},"resources":[{"mode":"managed","type":"google_service_account","name":"etl_loader","provider":"provider[\"registry.opentofu.org/hashicorp/google\"]","instances":[{"schema_version":0,"attributes":{"account_id":"etl-loader-sa","create_ignore_already_exists":null,"description":"","disabled":false,"display_name":"ETL Loader Service Account","email":"etl-loader-sa@k8s-staging-252732.iam.gserviceaccount.com","id":"projects/k8s-staging-252732/serviceAccounts/etl-loader-sa@k8s-staging-252732.iam.gserviceaccount.com","member":"serviceAccount:etl-loader-sa@k8s-staging-252732.iam.gserviceaccount.com","name":"projects/k8s-staging-252732/serviceAccounts/etl-loader-sa@k8s-staging-252732.iam.gserviceaccount.com","project":"k8s-staging-252732","timeouts":null,"unique_id":"117175791775876854122"},"sensitive_attributes":[],"private":"eyJlMmJmYjczMC1lY2FhLTExZTYtOGY4OC0zNDM2M2JjN2M0YzAiOnsiY3JlYXRlIjozMDAwMDAwMDAwMDB9fQ=="}]},{"mode":"managed","type":"google_service_account","name":"landing_loader","provider":"provider[\"registry.opentofu.org/hashicorp/google\"]","instances":[{"schema_version":0,"attributes":{"account_id":"landing-loader-sa","create_ignore_already_exists":null,"description":"","disabled":false,"display_name":"Landing Loader Service Account","email":"landing-loader-sa@k8s-staging-252732.iam.gserviceaccount.com","id":"projects/k8s-staging-252732/serviceAccounts/landing-loader-sa@k8s-staging-252732.iam.gserviceaccount.com","member":"serviceAccount:landing-loader-sa@k8s-staging-252732.iam.gserviceaccount.com","name":"projects/k8s-staging-252732/serviceAccounts/landing-loader-sa@k8s-staging-252732.iam.gserviceaccount.com","project":"k8s-staging-252732","timeouts":null,"unique_id":"117445893639408227038"},"sensitive_attributes":[],"private":"eyJlMmJmYjczMC1lY2FhLTExZTYtOGY4OC0zNDM2M2JjN2M0YzAiOnsiY3JlYXRlIjozMDAwMDAwMDAwMDB9fQ=="}]},{"mode":"managed","type":"google_service_account","name":"teacher_onboarding","provider":"provider[\"registry.opentofu.org/hashicorp/google\"]","instances":[{"schema_version":0,"attributes":{"account_id":"teacher-onboarding-sa","create_ignore_already_exists":null,"description":"","disabled":false,"display_name":"Teacher Onboarding Service Account","email":"teacher-onboarding-sa@k8s-staging-252732.iam.gserviceaccount.com","id":"projects/k8s-staging-252732/serviceAccounts/teacher-onboarding-sa@k8s-staging-252732.iam.gserviceaccount.com","member":"serviceAccount:teacher-onboarding-sa@k8s-staging-252732.iam.gserviceaccount.com","name":"projects/k8s-staging-252732/serviceAccounts/teacher-onboarding-sa@k8s-staging-252732.iam.gserviceaccount.com","project":"k8s-staging-252732","timeouts":null,"unique_id":"115616658584792643061"},"sensitive_attributes":[],"private":"eyJlMmJmYjczMC1lY2FhLTExZTYtOGY4OC0zNDM2M2JjN2M0YzAiOnsiY3JlYXRlIjozMDAwMDAwMDAwMDB9fQ=="}]},{"mode":"managed","type":"google_storage_bucket","name":"raw_landing","provider":"provider[\"registry.opentofu.org/hashicorp/google\"]","instances":[{"schema_version":3,"attributes":{"autoclass":[],"cors":[],"custom_placement_config":[],"default_event_based_hold":false,"effective_labels":{"goog-terraform-provisioned":"true"},"enable_object_retention":false,"encryption":[{"default_kms_key_name":""}],"force_destroy":false,"hierarchical_namespace":[{"enabled":false}],"id":"bigquery-d0-raw-landing-prod-k8s-staging-252732","ip_filter":[],"labels":{},"lifecycle_rule":[{"action":[{"storage_class":"","type":"Delete"}],"condition":[{"age":90,"created_before":"","custom_time_before":"","days_since_custom_time":0,"days_since_noncurrent_time":0,"matches_prefix":[],"matches_storage_class":[],"matches_suffix":[],"noncurrent_time_before":"","num_newer_versions":0,"send_age_if_zero":false,"send_days_since_custom_time_if_zero":false,"send_days_since_noncurrent_time_if_zero":false,"send_num_newer_versions_if_zero":false,"with_state":"ANY"}]},{"action":[{"storage_class":"COLDLINE","type":"SetStorageClass"}],"condition":[{"age":30,"created_before":"","custom_time_before":"","days_since_custom_time":0,"days_since_noncurrent_time":0,"matches_prefix":[],"matches_storage_class":[],"matches_suffix":[],"noncurrent_time_before":"","num_newer_versions":0,"send_age_if_zero":false,"send_days_since_custom_time_if_zero":false,"send_days_since_noncurrent_time_if_zero":false,"send_num_newer_versions_if_zero":false,"with_state":"ANY"}]}],"location":"US-CENTRAL1","logging":[],"name":"bigquery-d0-raw-landing-prod-k8s-staging-252732","project":"k8s-staging-252732","project_number":898698082979,"public_access_prevention":"enforced","requester_pays":false,"retention_policy":[],"rpo":null,"self_link":"https://www.googleapis.com/storage/v1/b/bigquery-d0-raw-landing-prod-k8s-staging-252732","soft_delete_policy":[{"effective_time":"2026-08-02T11:56:23.728Z","retention_duration_seconds":604800}],"storage_class":"STANDARD","terraform_labels":{"goog-terraform-provisioned":"true"},"time_created":"2026-08-02T11:56:23.728Z","timeouts":null,"uniform_bucket_level_access":true,"updated":"2026-08-02T11:58:05.676Z","url":"gs://bigquery-d0-raw-landing-prod-k8s-staging-252732","versioning":[{"enabled":true}],"website":[]},"sensitive_attributes":[],"private":"eyJlMmJmYjczMC1lY2FhLTExZTYtOGY4OC0zNDM2M2JjN2M0YzAiOnsiY3JlYXRlIjo2MDAwMDAwMDAwMDAsInJlYWQiOjI0MDAwMDAwMDAwMCwidXBkYXRlIjoyNDAwMDAwMDAwMDB9LCJzY2hlbWFfdmVyc2lvbiI6IjMifQ=="}]},{"mode":"managed","type":"google_storage_bucket_iam_member","name":"restricted_landing_loader","provider":"provider[\"registry.opentofu.org/hashicorp/google\"]","instances":[{"schema_version":0,"attributes":{"bucket":"b/bigquery-d0-raw-landing-prod-k8s-staging-252732","condition":[],"etag":"CAI=","id":"b/bigquery-d0-raw-landing-prod-k8s-staging-252732/roles/storage.objectAdmin/serviceAccount:landing-loader-sa@k8s-staging-252732.iam.gserviceaccount.com","member":"serviceAccount:landing-loader-sa@k8s-staging-252732.iam.gserviceaccount.com","role":"roles/storage.objectAdmin"},"sensitive_attributes":[],"private":"bnVsbA==","dependencies":["google_service_account.landing_loader","google_storage_bucket.raw_landing"]}]}],"check_results":null}
