{
  "version": 4,
  "terraform_version": "1.12.5",
  "serial": 6,
  "lineage": "25f16c0b-c4b9-da20-08ec-c8f6f9535951",
  "outputs": {
    "bq_dataset_id": {
      "value": "d1_staged_enforced_prod",
      "type": "string"
    },
    "bq_table_id": {
      "value": "projects/k8s-staging-252732/datasets/d1_staged_enforced_prod/tables/student_onboarding_staged",
      "type": "string"
    },
    "gcs_bucket_url": {
      "value": "gs://bigquery-d0-raw-landing-prod-k8s-staging-252732",
      "type": "string"
    }
  },
  "resources": [
    {
      "mode": "managed",
      "type": "google_bigquery_dataset",
      "name": "staged_enforced",
      "provider": "provider[\"registry.opentofu.org/hashicorp/google\"]",
      "instances": [
        {
          "schema_version": 0,
          "attributes": {
            "access": [
              {
                "condition": [],
                "dataset": [],
                "domain": "",
                "group_by_email": "",
                "iam_member": "",
                "role": "OWNER",
                "routine": [],
                "special_group": "projectOwners",
                "user_by_email": "",
                "view": []
              },
              {
                "condition": [],
                "dataset": [],
                "domain": "",
                "group_by_email": "",
                "iam_member": "",
                "role": "READER",
                "routine": [],
                "special_group": "",
                "user_by_email": "teacher-onboarding-sa@k8s-staging-252732.iam.gserviceaccount.com",
                "view": []
              },
              {
                "condition": [],
                "dataset": [],
                "domain": "",
                "group_by_email": "",
                "iam_member": "",
                "role": "WRITER",
                "routine": [],
                "special_group": "",
                "user_by_email": "etl-loader-sa@k8s-staging-252732.iam.gserviceaccount.com",
                "view": []
              }
            ],
            "creation_time": 1785672058932,
            "dataset_id": "d1_staged_enforced_prod",
            "default_collation": "",
            "default_encryption_configuration": [],
            "default_partition_expiration_ms": 0,
            "default_table_expiration_ms": 31536000000,
            "delete_contents_on_destroy": false,
            "description": "Contains validated and structured student onboarding schemas",
            "effective_labels": {
              "goog-terraform-provisioned": "true"
            },
            "etag": "iQkcbCpCiOGB8fm6kRyxiQ==",
            "external_catalog_dataset_options": [],
            "external_dataset_reference": [],
            "friendly_name": "D1 Staged Enforced Dataset",
            "id": "projects/k8s-staging-252732/datasets/d1_staged_enforced_prod",
            "is_case_insensitive": false,
            "labels": {},
            "last_modified_time": 1785672058932,
            "location": "us-central1",
            "max_time_travel_hours": "168",
            "project": "k8s-staging-252732",
            "resource_tags": {},
            "self_link": "https://bigquery.googleapis.com/bigquery/v2/projects/k8s-staging-252732/datasets/d1_staged_enforced_prod",
            "storage_billing_model": "",
            "terraform_labels": {
              "goog-terraform-provisioned": "true"
            },
            "timeouts": null
          },
          "sensitive_attributes": [],
          "private": "eyJlMmJmYjczMC1lY2FhLTExZTYtOGY4OC0zNDM2M2JjN2M0YzAiOnsiY3JlYXRlIjoxMjAwMDAwMDAwMDAwLCJkZWxldGUiOjEyMDAwMDAwMDAwMDAsInVwZGF0ZSI6MTIwMDAwMDAwMDAwMH19",
          "dependencies": [
            "google_service_account.etl_loader",
            "google_service_account.teacher_onboarding"
          ]
        }
      ]
    },
    {
      "mode": "managed",
      "type": "google_bigquery_row_access_policy",
      "name": "student_rls_policy",
      "provider": "provider[\"registry.opentofu.org/hashicorp/google\"]",
      "instances": [
        {
          "schema_version": 0,
          "attributes": {
            "creation_time": "2026-08-02T17:46:46.379620Z",
            "dataset_id": "d1_staged_enforced_prod",
            "filter_predicate": "age \u003e= 18 OR session_user() = 'teacher-onboarding-sa@k8s-staging-252732.iam.gserviceaccount.com'",
            "grantees": [
              "serviceAccount:teacher-onboarding-sa@k8s-staging-252732.iam.gserviceaccount.com",
              "user:prakritidev881@gmail.com"
            ],
            "id": "projects/k8s-staging-252732/datasets/d1_staged_enforced_prod/tables/student_onboarding_staged/rowAccessPolicies/rls_restrict_underage_and_unauthorized",
            "last_modified_time": "2026-08-02T17:46:46.379620Z",
            "policy_id": "rls_restrict_underage_and_unauthorized",
            "project": "k8s-staging-252732",
            "table_id": "student_onboarding_staged",
            "timeouts": null
          },
          "sensitive_attributes": [],
          "private": "eyJlMmJmYjczMC1lY2FhLTExZTYtOGY4OC0zNDM2M2JjN2M0YzAiOnsiY3JlYXRlIjoxMjAwMDAwMDAwMDAwLCJkZWxldGUiOjEyMDAwMDAwMDAwMDAsInVwZGF0ZSI6MTIwMDAwMDAwMDAwMH19",
          "dependencies": [
            "google_bigquery_dataset.staged_enforced",
            "google_bigquery_table.student_onboarding_staged",
            "google_service_account.etl_loader",
            "google_service_account.teacher_onboarding"
          ]
        }
      ]
    },
    {
      "mode": "managed",
      "type": "google_bigquery_table",
      "name": "student_onboarding_staged",
      "provider": "provider[\"registry.opentofu.org/hashicorp/google\"]",
      "instances": [
        {
          "schema_version": 0,
          "attributes": {
            "biglake_configuration": [],
            "clustering": null,
            "creation_time": 1785672060188,
            "dataset_id": "d1_staged_enforced_prod",
            "deletion_protection": false,
            "description": "",
            "effective_labels": {
              "goog-terraform-provisioned": "true"
            },
            "encryption_configuration": [],
            "etag": "yQxaxZzYxOVnTib70gDU8Q==",
            "expiration_time": 1817208060188,
            "external_catalog_table_options": [],
            "external_data_configuration": [],
            "friendly_name": "",
            "generated_schema_columns": "",
            "id": "projects/k8s-staging-252732/datasets/d1_staged_enforced_prod/tables/student_onboarding_staged",
            "ignore_auto_generated_schema": false,
            "ignore_schema_changes": null,
            "labels": {},
            "last_modified_time": 1785681621564,
            "location": "us-central1",
            "materialized_view": [],
            "max_staleness": "",
            "num_bytes": 434,
            "num_long_term_bytes": 0,
            "num_rows": 6,
            "project": "k8s-staging-252732",
            "range_partitioning": [],
            "require_partition_filter": false,
            "resource_tags": {},
            "schema": "[{\"description\":\"Unique alphanumeric student identifier\",\"mode\":\"REQUIRED\",\"name\":\"student_id\",\"type\":\"STRING\"},{\"description\":\"Full name of the student\",\"mode\":\"REQUIRED\",\"name\":\"name\",\"type\":\"STRING\"},{\"description\":\"Age of the student (must be \\u003e= 5)\",\"mode\":\"REQUIRED\",\"name\":\"age\",\"type\":\"INTEGER\"},{\"description\":\"Primary email address\",\"mode\":\"REQUIRED\",\"name\":\"email\",\"type\":\"STRING\"},{\"description\":\"Onboarding performance grade (A, B, C, D, F)\",\"mode\":\"REQUIRED\",\"name\":\"grade\",\"type\":\"STRING\"},{\"description\":\"List of active courses registered by the student\",\"mode\":\"REPEATED\",\"name\":\"courses\",\"type\":\"STRING\"}]",
            "schema_foreign_type_info": [],
            "self_link": "https://bigquery.googleapis.com/bigquery/v2/projects/k8s-staging-252732/datasets/d1_staged_enforced_prod/tables/student_onboarding_staged",
            "table_constraints": [],
            "table_id": "student_onboarding_staged",
            "table_metadata_view": null,
            "table_replication_info": [],
            "terraform_labels": {
              "goog-terraform-provisioned": "true"
            },
            "time_partitioning": [],
            "type": "TABLE",
            "view": []
          },
          "sensitive_attributes": [],
          "private": "bnVsbA==",
          "dependencies": [
            "google_bigquery_dataset.staged_enforced",
            "google_service_account.etl_loader",
            "google_service_account.teacher_onboarding"
          ]
        }
      ]
    },
    {
      "mode": "managed",
      "type": "google_service_account",
      "name": "etl_loader",
      "provider": "provider[\"registry.opentofu.org/hashicorp/google\"]",
      "instances": [
        {
          "schema_version": 0,
          "attributes": {
            "account_id": "etl-loader-sa",
            "create_ignore_already_exists": null,
            "description": "",
            "disabled": false,
            "display_name": "ETL Loader Service Account",
            "email": "etl-loader-sa@k8s-staging-252732.iam.gserviceaccount.com",
            "id": "projects/k8s-staging-252732/serviceAccounts/etl-loader-sa@k8s-staging-252732.iam.gserviceaccount.com",
            "member": "serviceAccount:etl-loader-sa@k8s-staging-252732.iam.gserviceaccount.com",
            "name": "projects/k8s-staging-252732/serviceAccounts/etl-loader-sa@k8s-staging-252732.iam.gserviceaccount.com",
            "project": "k8s-staging-252732",
            "timeouts": null,
            "unique_id": "117175791775876854122"
          },
          "sensitive_attributes": [],
          "private": "eyJlMmJmYjczMC1lY2FhLTExZTYtOGY4OC0zNDM2M2JjN2M0YzAiOnsiY3JlYXRlIjozMDAwMDAwMDAwMDB9fQ=="
        }
      ]
    },
    {
      "mode": "managed",
      "type": "google_service_account",
      "name": "landing_loader",
      "provider": "provider[\"registry.opentofu.org/hashicorp/google\"]",
      "instances": [
        {
          "schema_version": 0,
          "attributes": {
            "account_id": "landing-loader-sa",
            "create_ignore_already_exists": null,
            "description": "",
            "disabled": false,
            "display_name": "Landing Loader Service Account",
            "email": "landing-loader-sa@k8s-staging-252732.iam.gserviceaccount.com",
            "id": "projects/k8s-staging-252732/serviceAccounts/landing-loader-sa@k8s-staging-252732.iam.gserviceaccount.com",
            "member": "serviceAccount:landing-loader-sa@k8s-staging-252732.iam.gserviceaccount.com",
            "name": "projects/k8s-staging-252732/serviceAccounts/landing-loader-sa@k8s-staging-252732.iam.gserviceaccount.com",
            "project": "k8s-staging-252732",
            "timeouts": null,
            "unique_id": "117445893639408227038"
          },
          "sensitive_attributes": [],
          "private": "eyJlMmJmYjczMC1lY2FhLTExZTYtOGY4OC0zNDM2M2JjN2M0YzAiOnsiY3JlYXRlIjozMDAwMDAwMDAwMDB9fQ=="
        }
      ]
    },
    {
      "mode": "managed",
      "type": "google_service_account",
      "name": "teacher_onboarding",
      "provider": "provider[\"registry.opentofu.org/hashicorp/google\"]",
      "instances": [
        {
          "schema_version": 0,
          "attributes": {
            "account_id": "teacher-onboarding-sa",
            "create_ignore_already_exists": null,
            "description": "",
            "disabled": false,
            "display_name": "Teacher Onboarding Service Account",
            "email": "teacher-onboarding-sa@k8s-staging-252732.iam.gserviceaccount.com",
            "id": "projects/k8s-staging-252732/serviceAccounts/teacher-onboarding-sa@k8s-staging-252732.iam.gserviceaccount.com",
            "member": "serviceAccount:teacher-onboarding-sa@k8s-staging-252732.iam.gserviceaccount.com",
            "name": "projects/k8s-staging-252732/serviceAccounts/teacher-onboarding-sa@k8s-staging-252732.iam.gserviceaccount.com",
            "project": "k8s-staging-252732",
            "timeouts": null,
            "unique_id": "115616658584792643061"
          },
          "sensitive_attributes": [],
          "private": "eyJlMmJmYjczMC1lY2FhLTExZTYtOGY4OC0zNDM2M2JjN2M0YzAiOnsiY3JlYXRlIjozMDAwMDAwMDAwMDB9fQ=="
        }
      ]
    },
    {
      "mode": "managed",
      "type": "google_storage_bucket",
      "name": "raw_landing",
      "provider": "provider[\"registry.opentofu.org/hashicorp/google\"]",
      "instances": [
        {
          "schema_version": 3,
          "attributes": {
            "autoclass": [],
            "cors": [],
            "custom_placement_config": [],
            "default_event_based_hold": false,
            "effective_labels": {
              "goog-terraform-provisioned": "true"
            },
            "enable_object_retention": false,
            "encryption": [
              {
                "default_kms_key_name": ""
              }
            ],
            "force_destroy": false,
            "hierarchical_namespace": [
              {
                "enabled": false
              }
            ],
            "id": "bigquery-d0-raw-landing-prod-k8s-staging-252732",
            "ip_filter": [],
            "labels": {},
            "lifecycle_rule": [
              {
                "action": [
                  {
                    "storage_class": "",
                    "type": "Delete"
                  }
                ],
                "condition": [
                  {
                    "age": 90,
                    "created_before": "",
                    "custom_time_before": "",
                    "days_since_custom_time": 0,
                    "days_since_noncurrent_time": 0,
                    "matches_prefix": [],
                    "matches_storage_class": [],
                    "matches_suffix": [],
                    "noncurrent_time_before": "",
                    "num_newer_versions": 0,
                    "send_age_if_zero": false,
                    "send_days_since_custom_time_if_zero": false,
                    "send_days_since_noncurrent_time_if_zero": false,
                    "send_num_newer_versions_if_zero": false,
                    "with_state": "ANY"
                  }
                ]
              },
              {
                "action": [
                  {
                    "storage_class": "COLDLINE",
                    "type": "SetStorageClass"
                  }
                ],
                "condition": [
                  {
                    "age": 30,
                    "created_before": "",
                    "custom_time_before": "",
                    "days_since_custom_time": 0,
                    "days_since_noncurrent_time": 0,
                    "matches_prefix": [],
                    "matches_storage_class": [],
                    "matches_suffix": [],
                    "noncurrent_time_before": "",
                    "num_newer_versions": 0,
                    "send_age_if_zero": false,
                    "send_days_since_custom_time_if_zero": false,
                    "send_days_since_noncurrent_time_if_zero": false,
                    "send_num_newer_versions_if_zero": false,
                    "with_state": "ANY"
                  }
                ]
              }
            ],
            "location": "US-CENTRAL1",
            "logging": [],
            "name": "bigquery-d0-raw-landing-prod-k8s-staging-252732",
            "project": "k8s-staging-252732",
            "project_number": 898698082979,
            "public_access_prevention": "enforced",
            "requester_pays": false,
            "retention_policy": [],
            "rpo": null,
            "self_link": "https://www.googleapis.com/storage/v1/b/bigquery-d0-raw-landing-prod-k8s-staging-252732",
            "soft_delete_policy": [
              {
                "effective_time": "2026-08-02T11:56:23.728Z",
                "retention_duration_seconds": 604800
              }
            ],
            "storage_class": "STANDARD",
            "terraform_labels": {
              "goog-terraform-provisioned": "true"
            },
            "time_created": "2026-08-02T11:56:23.728Z",
            "timeouts": null,
            "uniform_bucket_level_access": true,
            "updated": "2026-08-02T11:58:05.676Z",
            "url": "gs://bigquery-d0-raw-landing-prod-k8s-staging-252732",
            "versioning": [
              {
                "enabled": true
              }
            ],
            "website": []
          },
          "sensitive_attributes": [],
          "private": "eyJlMmJmYjczMC1lY2FhLTExZTYtOGY4OC0zNDM2M2JjN2M0YzAiOnsiY3JlYXRlIjo2MDAwMDAwMDAwMDAsInJlYWQiOjI0MDAwMDAwMDAwMCwidXBkYXRlIjoyNDAwMDAwMDAwMDB9LCJzY2hlbWFfdmVyc2lvbiI6IjMifQ=="
        }
      ]
    },
    {
      "mode": "managed",
      "type": "google_storage_bucket_iam_member",
      "name": "restricted_landing_loader",
      "provider": "provider[\"registry.opentofu.org/hashicorp/google\"]",
      "instances": [
        {
          "schema_version": 0,
          "attributes": {
            "bucket": "b/bigquery-d0-raw-landing-prod-k8s-staging-252732",
            "condition": [],
            "etag": "CAI=",
            "id": "b/bigquery-d0-raw-landing-prod-k8s-staging-252732/roles/storage.objectAdmin/serviceAccount:landing-loader-sa@k8s-staging-252732.iam.gserviceaccount.com",
            "member": "serviceAccount:landing-loader-sa@k8s-staging-252732.iam.gserviceaccount.com",
            "role": "roles/storage.objectAdmin"
          },
          "sensitive_attributes": [],
          "private": "bnVsbA==",
          "dependencies": [
            "google_service_account.landing_loader",
            "google_storage_bucket.raw_landing"
          ]
        }
      ]
    }
  ],
  "check_results": null
}

